
Microsoft Visual Studio Solution File, Format Version 12.00
# Visual Studio 15
VisualStudioVersion = 15.0.28307.705
MinimumVisualStudioVersion = 10.0.40219.1
Project("{FAE04EC0-301F-11D3-BF4B-00C04F79EFBC}") = "MVC(VISTA)", "MVC(VISTA)\MVC(VISTA).csproj", "{46227BA4-2FEF-41D3-8A7E-29CAF9164389}"
EndProject
Project("{FAE04EC0-301F-11D3-BF4B-00C04F79EFBC}") = "Modelo", "Modelo\Modelo.csproj", "{9AC26A74-AF8A-4D2C-BEF0-5C8AD9355127}"
EndProject
Project("{FAE04EC0-301F-11D3-BF4B-00C04F79EFBC}") = "Controlador", "Controlador\Controlador.csproj", "{48091B9C-03AF-4A7C-B722-D1FB5CB45026}"
EndProject
Global
	GlobalSection(SolutionConfigurationPlatforms) = preSolution
		Debug|Any CPU = Debug|Any CPU
		Release|Any CPU = Release|Any CPU
	EndGlobalSection
	GlobalSection(ProjectConfigurationPlatforms) = postSolution
		{46227BA4-2FEF-41D3-8A7E-29CAF9164389}.Debug|Any CPU.ActiveCfg = Debug|Any CPU
		{46227BA4-2FEF-41D3-8A7E-29CAF9164389}.Debug|Any CPU.Build.0 = Debug|Any CPU
		{46227BA4-2FEF-41D3-8A7E-29CAF9164389}.Release|Any CPU.ActiveCfg = Release|Any CPU
		{46227BA4-2FEF-41D3-8A7E-29CAF9164389}.Release|Any CPU.Build.0 = Release|Any CPU
		{9AC26A74-AF8A-4D2C-BEF0-5C8AD9355127}.Debug|Any CPU.ActiveCfg = Debug|Any CPU
		{9AC26A74-AF8A-4D2C-BEF0-5C8AD9355127}.Debug|Any CPU.Build.0 = Debug|Any CPU
		{9AC26A74-AF8A-4D2C-BEF0-5C8AD9355127}.Release|Any CPU.ActiveCfg = Release|Any CPU
		{9AC26A74-AF8A-4D2C-BEF0-5C8AD9355127}.Release|Any CPU.Build.0 = Release|Any CPU
		{48091B9C-03AF-4A7C-B722-D1FB5CB45026}.Debug|Any CPU.ActiveCfg = Debug|Any CPU
		{48091B9C-03AF-4A7C-B722-D1FB5CB45026}.Debug|Any CPU.Build.0 = Debug|Any CPU
		{48091B9C-03AF-4A7C-B722-D1FB5CB45026}.Release|Any CPU.ActiveCfg = Release|Any CPU
		{48091B9C-03AF-4A7C-B722-D1FB5CB45026}.Release|Any CPU.Build.0 = Release|Any CPU
	EndGlobalSection
	GlobalSection(SolutionProperties) = preSolution
		HideSolutionNode = FALSE
	EndGlobalSection
	GlobalSection(ExtensibilityGlobals) = postSolution
		SolutionGuid = {C3FC6ABA-88FF-47C1-8DF2-30EBBC2D65FD}
	EndGlobalSection
EndGlobal
